GEM
  remote: https://rubygems.org/
  specs:
    activesupport (4.1.1)
      i18n (~> 0.6, >= 0.6.9)
      json (~> 1.7, >= 1.7.7)
      minitest (~> 5.1)
      thread_safe (~> 0.1)
      tzinfo (~> 1.1)
    addressable (2.3.6)
    autoparse (0.3.3)
      addressable (>= 2.3.1)
      extlib (>= 0.9.15)
      multi_json (>= 1.0.0)
    bson (1.10.0)
    bson_ext (1.10.0)
      bson (~> 1.10.0)
    buftok (0.2.0)
    builder (3.2.2)
    dropbox-sdk (1.6.4)
      json
    equalizer (0.0.9)
    excon (0.33.0)
    extlib (0.9.16)
    faraday (0.9.0)
      multipart-post (>= 1.2, < 3)
    google-api-client (0.7.1)
      addressable (>= 2.3.2)
      autoparse (>= 0.3.3)
      extlib (>= 0.9.15)
      faraday (>= 0.9.0)
      jwt (>= 0.1.5)
      launchy (>= 2.1.1)
      multi_json (>= 1.0.0)
      retriable (>= 1.4)
      signet (>= 0.5.0)
      uuidtools (>= 2.1.0)
    haml (4.0.5)
      tilt
    hiredis (0.5.2)
    http (0.5.0)
      http_parser.rb
    http_parser.rb (0.6.0)
    httparty (0.13.1)
      json (~> 1.8)
      multi_xml (>= 0.5.2)
    httpclient (2.3.4.1)
    i18n (0.6.9)
    json (1.8.1)
    jwt (0.1.12)
    launchy (2.4.2)
      addressable (~> 2.3)
    mail (2.2.7)
      activesupport (>= 2.3.6)
      mime-types
      treetop (>= 1.4.5)
    memoizable (0.4.2)
      thread_safe (~> 0.3, >= 0.3.1)
    mime-types (2.2)
    minitest (5.3.3)
    mongo (1.10.0)
      bson (~> 1.10.0)
    multi_json (1.10.0)
    multi_xml (0.5.5)
    multimap (1.1.3)
    multipart-post (2.0.0)
    naught (1.0.0)
    neography (1.5.0)
      excon (~> 0.33.0)
      json (>= 1.7.7)
      multi_json (>= 1.3.2)
      os (>= 0.9.6)
      rake (>= 0.8.7)
      rubyzip (>= 1.0.0)
    oauth (0.4.7)
    os (0.9.6)
    polyglot (0.3.4)
    pony (1.8)
      mail (>= 2.0)
    psych (2.0.5)
    puma (2.8.2)
      rack (>= 1.1, < 2.0)
    rack (1.5.2)
    rack-protection (1.5.3)
      rack
    rake (10.3.1)
    redis (3.0.7)
    rest-client (1.6.7)
      mime-types (>= 1.16)
    retriable (1.4.1)
    rubyzip (1.1.3)
    scruffy (0.2.6)
    signet (0.5.0)
      addressable (>= 2.2.3)
      faraday (>= 0.9.0.rc5)
      jwt (>= 0.1.5)
      multi_json (>= 1.0.0)
    simple_oauth (0.2.0)
    sinatra (1.4.5)
      rack (~> 1.4)
      rack-protection (~> 1.4)
      tilt (~> 1.3, >= 1.3.4)
    sinatra-graph (0.1.3)
      scruffy
      sinatra (>= 1.0.0)
    temporals (2.0.1)
    thread_safe (0.3.3)
    tilt (1.4.1)
    treetop (1.5.3)
      polyglot (~> 0.3)
    twilio-ruby (3.11.5)
      builder (>= 2.1.2)
      jwt (>= 0.1.2)
      multi_json (>= 1.3.0)
    twitter (5.8.0)
      addressable (~> 2.3)
      buftok (~> 0.2.0)
      equalizer (~> 0.0.9)
      faraday (~> 0.9.0)
      http (~> 0.5.0)
      http_parser.rb (~> 0.6.0)
      json (~> 1.8)
      memoizable (~> 0.4.0)
      naught (~> 1.0)
      simple_oauth (~> 0.2.0)
    tzinfo (1.1.0)
      thread_safe (~> 0.1)
    uuidtools (2.1.4)

PLATFORMS
  ruby

DEPENDENCIES
  bson
  bson_ext
  builder
  dropbox-sdk
  google-api-client
  haml
  hiredis
  httparty
  httpclient
  json
  mongo
  multimap
  neography
  oauth
  pony
  psych (~> 2.0.5)
  puma
  redis
  rest-client
  sinatra
  sinatra-graph
  temporals
  twilio-ruby
  twitter
